[root]
name = "rust-sfml-rocket"
version = "0.1.0"
dependencies = [
 "rand 0.3.14 (registry+https://github.com/rust-lang/crates.io-index)",
 "sfml 0.11.2 (registry+https://github.com/rust-lang/crates.io-index)",
]

[[package]]
name = "bitflags"
version = "0.5.0"
source = "registry+https://github.com/rust-lang/crates.io-index"

[[package]]
name = "csfml-audio-sys"
version = "0.1.0"
source = "registry+https://github.com/rust-lang/crates.io-index"
dependencies = [
 "csfml-system-sys 0.1.0 (registry+https://github.com/rust-lang/crates.io-index)",
 "libc 0.2.10 (registry+https://github.com/rust-lang/crates.io-index)",
 "sfml-types 0.1.0 (registry+https://github.com/rust-lang/crates.io-index)",
]

[[package]]
name = "csfml-graphics-sys"
version = "0.1.0"
source = "registry+https://github.com/rust-lang/crates.io-index"
dependencies = [
 "csfml-system-sys 0.1.0 (registry+https://github.com/rust-lang/crates.io-index)",
 "csfml-window-sys 0.1.1 (registry+https://github.com/rust-lang/crates.io-index)",
 "libc 0.2.10 (registry+https://github.com/rust-lang/crates.io-index)",
 "sfml-types 0.1.0 (registry+https://github.com/rust-lang/crates.io-index)",
]

[[package]]
name = "csfml-network-sys"
version = "0.1.0"
source = "registry+https://github.com/rust-lang/crates.io-index"
dependencies = [
 "csfml-system-sys 0.1.0 (registry+https://github.com/rust-lang/crates.io-index)",
 "libc 0.2.10 (registry+https://github.com/rust-lang/crates.io-index)",
 "sfml-types 0.1.0 (registry+https://github.com/rust-lang/crates.io-index)",
]

[[package]]
name = "csfml-system-sys"
version = "0.1.0"
source = "registry+https://github.com/rust-lang/crates.io-index"
dependencies = [
 "libc 0.2.10 (registry+https://github.com/rust-lang/crates.io-index)",
]

[[package]]
name = "csfml-window-sys"
version = "0.1.1"
source = "registry+https://github.com/rust-lang/crates.io-index"
dependencies = [
 "csfml-system-sys 0.1.0 (registry+https://github.com/rust-lang/crates.io-index)",
 "libc 0.2.10 (registry+https://github.com/rust-lang/crates.io-index)",
 "sfml-types 0.1.0 (registry+https://github.com/rust-lang/crates.io-index)",
]

[[package]]
name = "libc"
version = "0.2.10"
source = "registry+https://github.com/rust-lang/crates.io-index"

[[package]]
name = "rand"
version = "0.3.14"
source = "registry+https://github.com/rust-lang/crates.io-index"
dependencies = [
 "libc 0.2.10 (registry+https://github.com/rust-lang/crates.io-index)",
]

[[package]]
name = "sfml"
version = "0.11.2"
source = "registry+https://github.com/rust-lang/crates.io-index"
dependencies = [
 "bitflags 0.5.0 (registry+https://github.com/rust-lang/crates.io-index)",
 "csfml-audio-sys 0.1.0 (registry+https://github.com/rust-lang/crates.io-index)",
 "csfml-graphics-sys 0.1.0 (registry+https://github.com/rust-lang/crates.io-index)",
 "csfml-network-sys 0.1.0 (registry+https://github.com/rust-lang/crates.io-index)",
 "csfml-system-sys 0.1.0 (registry+https://github.com/rust-lang/crates.io-index)",
 "csfml-window-sys 0.1.1 (registry+https://github.com/rust-lang/crates.io-index)",
 "libc 0.2.10 (registry+https://github.com/rust-lang/crates.io-index)",
 "sfml-types 0.1.0 (registry+https://github.com/rust-lang/crates.io-index)",
]

[[package]]
name = "sfml-types"
version = "0.1.0"
source = "registry+https://github.com/rust-lang/crates.io-index"

[metadata]
"checksum bitflags 0.5.0 (registry+https://github.com/rust-lang/crates.io-index)" = "4f67931368edf3a9a51d29886d245f1c3db2f1ef0dcc9e35ff70341b78c10d23"
"checksum csfml-audio-sys 0.1.0 (registry+https://github.com/rust-lang/crates.io-index)" = "f03e143b2470cbe317a57c17661f315f9565e4187ea85335ad7839dc57aa6bd0"
"checksum csfml-graphics-sys 0.1.0 (registry+https://github.com/rust-lang/crates.io-index)" = "72e888a8cc664674eb47271d1042fc2df09a03fd7eb1585d691f0503dce19c55"
"checksum csfml-network-sys 0.1.0 (registry+https://github.com/rust-lang/crates.io-index)" = "bd11432924734b45b6478ee384ad84591274a9f277997771ca2cd57ebf03940e"
"checksum csfml-system-sys 0.1.0 (registry+https://github.com/rust-lang/crates.io-index)" = "f613309f92bca2549e066286580d0ab69809afba4675c3fc0c7943409c77206d"
"checksum csfml-window-sys 0.1.1 (registry+https://github.com/rust-lang/crates.io-index)" = "f74f961b69749ca7e62ad66b7959ab62f63847826d8cb3a068250fcbd1c3fbcf"
"checksum libc 0.2.10 (registry+https://github.com/rust-lang/crates.io-index)" = "55f3730be7e803cf350d32061958171731c2395831fbd67a61083782808183e0"
"checksum rand 0.3.14 (registry+https://github.com/rust-lang/crates.io-index)" = "2791d88c6defac799c3f20d74f094ca33b9332612d9aef9078519c82e4fe04a5"
"checksum sfml 0.11.2 (registry+https://github.com/rust-lang/crates.io-index)" = "796ac61674669d1cbc9a444af283aa622c8bf018692a9ec4dc39ff9445615469"
"checksum sfml-types 0.1.0 (registry+https://github.com/rust-lang/crates.io-index)" = "d81c513af1beb0d4105ac8269dc0f8405d0e1bbf0d589af1b882fb515d7c5758"
